
Microsoft Visual Studio Solution File, Format Version 12.00
# Visual Studio Version 17
VisualStudioVersion = 17.2.32616.157
MinimumVisualStudioVersion = 10.0.40219.1
Project("{9A19103F-16F7-4668-BE54-9A1E7A4F7556}") = "Minesweeper.Logic", "Minesweeper.Logic\Minesweeper.Logic.csproj", "{525AF0F1-BF7C-4C42-8DCF-72A9F3371E14}"
EndProject
Project("{9A19103F-16F7-4668-BE54-9A1E7A4F7556}") = "Minesweeper.Gui", "Minesweeper.Gui\Minesweeper.Gui.csproj", "{48A6A5E7-E83E-4F14-99A7-281F6131E231}"
EndProject
Global
	GlobalSection(SolutionConfigurationPlatforms) = preSolution
		Debug|Any CPU = Debug|Any CPU
		Release|Any CPU = Release|Any CPU
	EndGlobalSection
	GlobalSection(ProjectConfigurationPlatforms) = postSolution
		{525AF0F1-BF7C-4C42-8DCF-72A9F3371E14}.Debug|Any CPU.ActiveCfg = Debug|Any CPU
		{525AF0F1-BF7C-4C42-8DCF-72A9F3371E14}.Debug|Any CPU.Build.0 = Debug|Any CPU
		{525AF0F1-BF7C-4C42-8DCF-72A9F3371E14}.Release|Any CPU.ActiveCfg = Release|Any CPU
		{525AF0F1-BF7C-4C42-8DCF-72A9F3371E14}.Release|Any CPU.Build.0 = Release|Any CPU
		{48A6A5E7-E83E-4F14-99A7-281F6131E231}.Debug|Any CPU.ActiveCfg = Debug|Any CPU
		{48A6A5E7-E83E-4F14-99A7-281F6131E231}.Debug|Any CPU.Build.0 = Debug|Any CPU
		{48A6A5E7-E83E-4F14-99A7-281F6131E231}.Release|Any CPU.ActiveCfg = Release|Any CPU
		{48A6A5E7-E83E-4F14-99A7-281F6131E231}.Release|Any CPU.Build.0 = Release|Any CPU
	EndGlobalSection
	GlobalSection(SolutionProperties) = preSolution
		HideSolutionNode = FALSE
	EndGlobalSection
	GlobalSection(ExtensibilityGlobals) = postSolution
		SolutionGuid = {87287FE7-AE37-4214-9AB6-E23948603528}
	EndGlobalSection
EndGlobal
